
Microsoft Visual Studio Solution File, Format Version 12.00
# Visual Studio 15
VisualStudioVersion = 15.0.27004.2006
MinimumVisualStudioVersion = 10.0.40219.1
Project("{FAE04EC0-301F-11D3-BF4B-00C04F79EFBC}") = "ArtificialNeuralNetwork", "ArtificialNeuralNetwork\ArtificialNeuralNetwork.csproj", "{7F560607-9DE4-4406-A6E6-FF5F5D8D6380}"
EndProject
Project("{FAE04EC0-301F-11D3-BF4B-00C04F79EFBC}") = "HandwritingRecognition", "HandwritingRecognition\HandwritingRecognition.csproj", "{B3164033-DD42-4EDB-AC68-6B31E84766BE}"
EndProject
Project("{FAE04EC0-301F-11D3-BF4B-00C04F79EFBC}") = "TestProject", "TestProject\TestProject.csproj", "{2AC17BA5-8972-4660-856D-D26846D2B110}"
EndProject
Global
	GlobalSection(SolutionConfigurationPlatforms) = preSolution
		Debug|Any CPU = Debug|Any CPU
		Release|Any CPU = Release|Any CPU
	EndGlobalSection
	GlobalSection(ProjectConfigurationPlatforms) = postSolution
		{7F560607-9DE4-4406-A6E6-FF5F5D8D6380}.Debug|Any CPU.ActiveCfg = Debug|Any CPU
		{7F560607-9DE4-4406-A6E6-FF5F5D8D6380}.Debug|Any CPU.Build.0 = Debug|Any CPU
		{7F560607-9DE4-4406-A6E6-FF5F5D8D6380}.Release|Any CPU.ActiveCfg = Release|Any CPU
		{7F560607-9DE4-4406-A6E6-FF5F5D8D6380}.Release|Any CPU.Build.0 = Release|Any CPU
		{B3164033-DD42-4EDB-AC68-6B31E84766BE}.Debug|Any CPU.ActiveCfg = Debug|Any CPU
		{B3164033-DD42-4EDB-AC68-6B31E84766BE}.Debug|Any CPU.Build.0 = Debug|Any CPU
		{B3164033-DD42-4EDB-AC68-6B31E84766BE}.Release|Any CPU.ActiveCfg = Release|Any CPU
		{B3164033-DD42-4EDB-AC68-6B31E84766BE}.Release|Any CPU.Build.0 = Release|Any CPU
		{2AC17BA5-8972-4660-856D-D26846D2B110}.Debug|Any CPU.ActiveCfg = Debug|Any CPU
		{2AC17BA5-8972-4660-856D-D26846D2B110}.Debug|Any CPU.Build.0 = Debug|Any CPU
		{2AC17BA5-8972-4660-856D-D26846D2B110}.Release|Any CPU.ActiveCfg = Release|Any CPU
		{2AC17BA5-8972-4660-856D-D26846D2B110}.Release|Any CPU.Build.0 = Release|Any CPU
	EndGlobalSection
	GlobalSection(SolutionProperties) = preSolution
		HideSolutionNode = FALSE
	EndGlobalSection
	GlobalSection(ExtensibilityGlobals) = postSolution
		SolutionGuid = {DB2E9885-7C28-4E77-9054-91F12941D333}
	EndGlobalSection
EndGlobal
